version: 1.0
shards:
  db:
    github: crystal-lang/crystal-db
    version: 0.5.1

  discordcr:
    github: z64/discordcr
    commit: 1231089bea30779b2398629745e6e99784e2301d

  dotenv:
    github: gdotdesign/cr-dotenv
    version: 0.2.0

  sqlite3:
    github: crystal-lang/crystal-sqlite3
    version: 0.12.0

